
Microsoft Visual Studio Solution File, Format Version 12.00
# Visual Studio 15
Project("{FAE04EC0-301F-11D3-BF4B-00C04F79EFBC}") = "WebAPI", "WebAPI\WebAPI.csproj", "{3635F9D1-F986-4795-9B1C-AD8E816E4641}"
EndProject
Project("{FAE04EC0-301F-11D3-BF4B-00C04F79EFBC}") = "RunWebAPI", "RunWebAPI\RunWebAPI.csproj", "{6C3FFEC3-758E-4197-BC90-5E4CCD25354A}"
EndProject
Global
	GlobalSection(SolutionConfigurationPlatforms) = preSolution
		Debug|Any CPU = Debug|Any CPU
		Release|Any CPU = Release|Any CPU
	EndGlobalSection
	GlobalSection(ProjectConfigurationPlatforms) = postSolution
		{3635F9D1-F986-4795-9B1C-AD8E816E4641}.Debug|Any CPU.ActiveCfg = Debug|Any CPU
		{3635F9D1-F986-4795-9B1C-AD8E816E4641}.Debug|Any CPU.Build.0 = Debug|Any CPU
		{3635F9D1-F986-4795-9B1C-AD8E816E4641}.Release|Any CPU.ActiveCfg = Release|Any CPU
		{3635F9D1-F986-4795-9B1C-AD8E816E4641}.Release|Any CPU.Build.0 = Release|Any CPU
		{6C3FFEC3-758E-4197-BC90-5E4CCD25354A}.Debug|Any CPU.ActiveCfg = Debug|Any CPU
		{6C3FFEC3-758E-4197-BC90-5E4CCD25354A}.Debug|Any CPU.Build.0 = Debug|Any CPU
		{6C3FFEC3-758E-4197-BC90-5E4CCD25354A}.Release|Any CPU.ActiveCfg = Release|Any CPU
		{6C3FFEC3-758E-4197-BC90-5E4CCD25354A}.Release|Any CPU.Build.0 = Release|Any CPU
	EndGlobalSection
EndGlobal
